PODS:
  - SWCardViewController (0.3.2)

DEPENDENCIES:
  - SWCardViewController (from `../`)

EXTERNAL SOURCES:
  SWCardViewController:
    :path: "../"

SPEC CHECKSUMS:
  SWCardViewController: aebbd9f9d680de24ec32e67f8e7198a23ed96ef9

PODFILE CHECKSUM: cd6595b60ee4ba1964c8caf29afef4b52959156c

COCOAPODS: 1.2.0
